
Microsoft Visual Studio Solution File, Format Version 12.00
# Visual Studio Version 17
VisualStudioVersion = 17.0.31919.166
MinimumVisualStudioVersion = 10.0.40219.1
Project("{9A19103F-16F7-4668-BE54-9A1E7A4F7556}") = "WebApplication12", "WebApplication12\WebApplication12.csproj", "{9DC82F3A-4D96-47C9-865C-F8BD1909ABEC}"
EndProject
Project("{9A19103F-16F7-4668-BE54-9A1E7A4F7556}") = "WebApplication12.BL", "WebApplication12.BL\WebApplication12.BL.csproj", "{301AB1C4-7950-4A9F-BAAE-0C0AB58A1670}"
EndProject
Project("{9A19103F-16F7-4668-BE54-9A1E7A4F7556}") = "WebApplication12.DAL", "WebApplication12.DAL\WebApplication12.DAL.csproj", "{F91D93BF-1E21-4777-850E-CB189D616F5C}"
EndProject
Global
	GlobalSection(SolutionConfigurationPlatforms) = preSolution
		Debug|Any CPU = Debug|Any CPU
		Release|Any CPU = Release|Any CPU
	EndGlobalSection
	GlobalSection(ProjectConfigurationPlatforms) = postSolution
		{9DC82F3A-4D96-47C9-865C-F8BD1909ABEC}.Debug|Any CPU.ActiveCfg = Debug|Any CPU
		{9DC82F3A-4D96-47C9-865C-F8BD1909ABEC}.Debug|Any CPU.Build.0 = Debug|Any CPU
		{9DC82F3A-4D96-47C9-865C-F8BD1909ABEC}.Release|Any CPU.ActiveCfg = Release|Any CPU
		{9DC82F3A-4D96-47C9-865C-F8BD1909ABEC}.Release|Any CPU.Build.0 = Release|Any CPU
		{301AB1C4-7950-4A9F-BAAE-0C0AB58A1670}.Debug|Any CPU.ActiveCfg = Debug|Any CPU
		{301AB1C4-7950-4A9F-BAAE-0C0AB58A1670}.Debug|Any CPU.Build.0 = Debug|Any CPU
		{301AB1C4-7950-4A9F-BAAE-0C0AB58A1670}.Release|Any CPU.ActiveCfg = Release|Any CPU
		{301AB1C4-7950-4A9F-BAAE-0C0AB58A1670}.Release|Any CPU.Build.0 = Release|Any CPU
		{F91D93BF-1E21-4777-850E-CB189D616F5C}.Debug|Any CPU.ActiveCfg = Debug|Any CPU
		{F91D93BF-1E21-4777-850E-CB189D616F5C}.Debug|Any CPU.Build.0 = Debug|Any CPU
		{F91D93BF-1E21-4777-850E-CB189D616F5C}.Release|Any CPU.ActiveCfg = Release|Any CPU
		{F91D93BF-1E21-4777-850E-CB189D616F5C}.Release|Any CPU.Build.0 = Release|Any CPU
	EndGlobalSection
	GlobalSection(SolutionProperties) = preSolution
		HideSolutionNode = FALSE
	EndGlobalSection
	GlobalSection(ExtensibilityGlobals) = postSolution
		SolutionGuid = {E374A633-5F77-4A02-AE6E-5983AF2B6D2F}
	EndGlobalSection
EndGlobal
